
Microsoft Visual Studio Solution File, Format Version 12.00
# Visual Studio Version 17
VisualStudioVersion = 17.0.31903.59
MinimumVisualStudioVersion = 10.0.40219.1
Project("{9A19103F-16F7-4668-BE54-9A1E7A4F7556}") = "P03AplikacjaPogodaClientAPI", "P03AplikacjaPogodaClientAPI\P03AplikacjaPogodaClientAPI.csproj", "{364063A7-2D02-40F8-B548-69F31E6103D9}"
EndProject
Project("{9A19103F-16F7-4668-BE54-9A1E7A4F7556}") = "P04Sklep.API", "P04Sklep.API\P04Sklep.API.csproj", "{9BB9FDC5-0B19-4F99-991C-9BE0A3367A3D}"
EndProject
Project("{9A19103F-16F7-4668-BE54-9A1E7A4F7556}") = "P05Sklep.Shared", "P05Sklep.Shared\P05Sklep.Shared.csproj", "{C42057AC-2AAB-4CBD-BECD-BDB44103EBBD}"
EndProject
Project("{9A19103F-16F7-4668-BE54-9A1E7A4F7556}") = "P06Sklep.DataSeeder", "P06Sklep.DataSeeder\P06Sklep.DataSeeder.csproj", "{88EB05BE-E152-4E1E-8B26-AF81C2D5BDB4}"
EndProject
Project("{9A19103F-16F7-4668-BE54-9A1E7A4F7556}") = "P07Blazor.Client", "P07Blazor.Client\P07Blazor.Client.csproj", "{352AD82C-7A47-487F-8F48-1B0C1D408D5D}"
EndProject
Project("{9A19103F-16F7-4668-BE54-9A1E7A4F7556}") = "P08Sklep.DataSeeder.Tests", "P08Sklep.DataSeeder.Tests\P08Sklep.DataSeeder.Tests.csproj", "{ED9C47C0-DDB7-4F9E-8AB5-BC7AFD1E5FAA}"
EndProject
Project("{9A19103F-16F7-4668-BE54-9A1E7A4F7556}") = "P09MAUI.Client", "P09MAUI.Client\P09MAUI.Client.csproj", "{F4D445AB-60F3-4307-9FD1-3DB8FD28DF0E}"
EndProject
Project("{FAE04EC0-301F-11D3-BF4B-00C04F79EFBC}") = "P10DatabaseFrist", "P10DatabaseFrist\P10DatabaseFrist.csproj", "{370B41E0-CE1F-4662-988D-D09F74CDD305}"
EndProject
Global
	GlobalSection(SolutionConfigurationPlatforms) = preSolution
		Debug|Any CPU = Debug|Any CPU
		Release|Any CPU = Release|Any CPU
	EndGlobalSection
	GlobalSection(ProjectConfigurationPlatforms) = postSolution
		{364063A7-2D02-40F8-B548-69F31E6103D9}.Debug|Any CPU.ActiveCfg = Debug|Any CPU
		{364063A7-2D02-40F8-B548-69F31E6103D9}.Debug|Any CPU.Build.0 = Debug|Any CPU
		{364063A7-2D02-40F8-B548-69F31E6103D9}.Release|Any CPU.ActiveCfg = Release|Any CPU
		{364063A7-2D02-40F8-B548-69F31E6103D9}.Release|Any CPU.Build.0 = Release|Any CPU
		{9BB9FDC5-0B19-4F99-991C-9BE0A3367A3D}.Debug|Any CPU.ActiveCfg = Debug|Any CPU
		{9BB9FDC5-0B19-4F99-991C-9BE0A3367A3D}.Debug|Any CPU.Build.0 = Debug|Any CPU
		{9BB9FDC5-0B19-4F99-991C-9BE0A3367A3D}.Release|Any CPU.ActiveCfg = Release|Any CPU
		{9BB9FDC5-0B19-4F99-991C-9BE0A3367A3D}.Release|Any CPU.Build.0 = Release|Any CPU
		{C42057AC-2AAB-4CBD-BECD-BDB44103EBBD}.Debug|Any CPU.ActiveCfg = Debug|Any CPU
		{C42057AC-2AAB-4CBD-BECD-BDB44103EBBD}.Debug|Any CPU.Build.0 = Debug|Any CPU
		{C42057AC-2AAB-4CBD-BECD-BDB44103EBBD}.Release|Any CPU.ActiveCfg = Release|Any CPU
		{C42057AC-2AAB-4CBD-BECD-BDB44103EBBD}.Release|Any CPU.Build.0 = Release|Any CPU
		{88EB05BE-E152-4E1E-8B26-AF81C2D5BDB4}.Debug|Any CPU.ActiveCfg = Debug|Any CPU
		{88EB05BE-E152-4E1E-8B26-AF81C2D5BDB4}.Debug|Any CPU.Build.0 = Debug|Any CPU
		{88EB05BE-E152-4E1E-8B26-AF81C2D5BDB4}.Release|Any CPU.ActiveCfg = Release|Any CPU
		{88EB05BE-E152-4E1E-8B26-AF81C2D5BDB4}.Release|Any CPU.Build.0 = Release|Any CPU
		{352AD82C-7A47-487F-8F48-1B0C1D408D5D}.Debug|Any CPU.ActiveCfg = Debug|Any CPU
		{352AD82C-7A47-487F-8F48-1B0C1D408D5D}.Debug|Any CPU.Build.0 = Debug|Any CPU
		{352AD82C-7A47-487F-8F48-1B0C1D408D5D}.Release|Any CPU.ActiveCfg = Release|Any CPU
		{352AD82C-7A47-487F-8F48-1B0C1D408D5D}.Release|Any CPU.Build.0 = Release|Any CPU
		{ED9C47C0-DDB7-4F9E-8AB5-BC7AFD1E5FAA}.Debug|Any CPU.ActiveCfg = Debug|Any CPU
		{ED9C47C0-DDB7-4F9E-8AB5-BC7AFD1E5FAA}.Debug|Any CPU.Build.0 = Debug|Any CPU
		{ED9C47C0-DDB7-4F9E-8AB5-BC7AFD1E5FAA}.Release|Any CPU.ActiveCfg = Release|Any CPU
		{ED9C47C0-DDB7-4F9E-8AB5-BC7AFD1E5FAA}.Release|Any CPU.Build.0 = Release|Any CPU
		{F4D445AB-60F3-4307-9FD1-3DB8FD28DF0E}.Debug|Any CPU.ActiveCfg = Debug|Any CPU
		{F4D445AB-60F3-4307-9FD1-3DB8FD28DF0E}.Debug|Any CPU.Build.0 = Debug|Any CPU
		{F4D445AB-60F3-4307-9FD1-3DB8FD28DF0E}.Debug|Any CPU.Deploy.0 = Debug|Any CPU
		{F4D445AB-60F3-4307-9FD1-3DB8FD28DF0E}.Release|Any CPU.ActiveCfg = Release|Any CPU
		{F4D445AB-60F3-4307-9FD1-3DB8FD28DF0E}.Release|Any CPU.Build.0 = Release|Any CPU
		{F4D445AB-60F3-4307-9FD1-3DB8FD28DF0E}.Release|Any CPU.Deploy.0 = Release|Any CPU
		{370B41E0-CE1F-4662-988D-D09F74CDD305}.Debug|Any CPU.ActiveCfg = Debug|Any CPU
		{370B41E0-CE1F-4662-988D-D09F74CDD305}.Debug|Any CPU.Build.0 = Debug|Any CPU
		{370B41E0-CE1F-4662-988D-D09F74CDD305}.Release|Any CPU.ActiveCfg = Release|Any CPU
		{370B41E0-CE1F-4662-988D-D09F74CDD305}.Release|Any CPU.Build.0 = Release|Any CPU
	EndGlobalSection
	GlobalSection(SolutionProperties) = preSolution
		HideSolutionNode = FALSE
	EndGlobalSection
	GlobalSection(ExtensibilityGlobals) = postSolution
		SolutionGuid = {F8F52329-00F9-4C69-AE61-B3C2567C6A5C}
	EndGlobalSection
EndGlobal
